<?xml version="1.0" encoding="utf-8"?>
<Project ToolsVersion="4.0" xmlns="http://schemas.microsoft.com/developer/msbuild/2003">
  <ItemGroup>
    <Filter Include="Source Files">
      <UniqueIdentifier>{56d91604-e0de-4fff-a0f7-8f91c5b5a3b0}</UniqueIdentifier>
      <Extensions>cpp;c;cxx;def;odl;idl;hpj;bat;asm</Extensions>
    </Filter>
    <Filter Include="Header Files">
      <UniqueIdentifier>{6a5891e0-6b25-4612-b639-7b3d5cb1de78}</UniqueIdentifier>
      <Extensions>h;hpp;hxx;hm;inl;inc</Extensions>
    </Filter>
  </ItemGroup>
  <ItemGroup>
    <ClCompile Include="lib\combinations.c">
      <Filter>Source Files</Filter>
    </ClCompile>
    <ClCompile Include="lib\deck.c">
      <Filter>Source Files</Filter>
    </ClCompile>
    <ClCompile Include="lib\deck_astud.c">
      <Filter>Source Files</Filter>
    </ClCompile>
    <ClCompile Include="lib\deck_joker.c">
      <Filter>Source Files</Filter>
    </ClCompile>
    <ClCompile Include="lib\deck_std.c">
      <Filter>Source Files</Filter>
    </ClCompile>
    <ClCompile Include="lib\enumerate.c">
      <Filter>Source Files</Filter>
    </ClCompile>
    <ClCompile Include="lib\enumord.c">
      <Filter>Source Files</Filter>
    </ClCompile>
    <ClCompile Include="lib\evx.c">
      <Filter>Source Files</Filter>
    </ClCompile>
    <ClCompile Include="lib\lowball.c">
      <Filter>Source Files</Filter>
    </ClCompile>
    <ClCompile Include="lib\rules_astud.c">
      <Filter>Source Files</Filter>
    </ClCompile>
    <ClCompile Include="lib\rules_joker.c">
      <Filter>Source Files</Filter>
    </ClCompile>
    <ClCompile Include="lib\rules_std.c">
      <Filter>Source Files</Filter>
    </ClCompile>
    <ClCompile Include="lib\t_astudcardmasks.c">
      <Filter>Source Files</Filter>
    </ClCompile>
    <ClCompile Include="lib\t_botcard.c">
      <Filter>Source Files</Filter>
    </ClCompile>
    <ClCompile Include="lib\t_botfivecards.c">
      <Filter>Source Files</Filter>
    </ClCompile>
    <ClCompile Include="lib\t_botfivecardsj.c">
      <Filter>Source Files</Filter>
    </ClCompile>
    <ClCompile Include="lib\t_cardmasks.c">
      <Filter>Source Files</Filter>
    </ClCompile>
    <ClCompile Include="lib\t_evx_flushcards.c">
      <Filter>Source Files</Filter>
    </ClCompile>
    <ClCompile Include="lib\t_evx_pairval.c">
      <Filter>Source Files</Filter>
    </ClCompile>
    <ClCompile Include="lib\t_evx_strval.c">
      <Filter>Source Files</Filter>
    </ClCompile>
    <ClCompile Include="lib\t_evx_tripsval.c">
      <Filter>Source Files</Filter>
    </ClCompile>
    <ClCompile Include="lib\t_jokercardmasks.c">
      <Filter>Source Files</Filter>
    </ClCompile>
    <ClCompile Include="lib\t_jokerstraight.c">
      <Filter>Source Files</Filter>
    </ClCompile>
    <ClCompile Include="lib\t_maskrank.c">
      <Filter>Source Files</Filter>
    </ClCompile>
    <ClCompile Include="lib\t_nbits.c">
      <Filter>Source Files</Filter>
    </ClCompile>
    <ClCompile Include="lib\t_nbitsandstr.c">
      <Filter>Source Files</Filter>
    </ClCompile>
    <ClCompile Include="lib\t_straight.c">
      <Filter>Source Files</Filter>
    </ClCompile>
    <ClCompile Include="lib\t_topbit.c">
      <Filter>Source Files</Filter>
    </ClCompile>
    <ClCompile Include="lib\t_topcard.c">
      <Filter>Source Files</Filter>
    </ClCompile>
    <ClCompile Include="lib\t_topfivebits.c">
      <Filter>Source Files</Filter>
    </ClCompile>
    <ClCompile Include="lib\t_topfivecards.c">
      <Filter>Source Files</Filter>
    </ClCompile>
    <ClCompile Include="lib\t_toptwobits.c">
      <Filter>Source Files</Filter>
    </ClCompile>
  </ItemGroup>
  <ItemGroup>
    <ClInclude Include="include\combinations.h">
      <Filter>Header Files</Filter>
    </ClInclude>
    <ClInclude Include="include\deck.h">
      <Filter>Header Files</Filter>
    </ClInclude>
    <ClInclude Include="include\deck_astud.h">
      <Filter>Header Files</Filter>
    </ClInclude>
    <ClInclude Include="include\deck_joker.h">
      <Filter>Header Files</Filter>
    </ClInclude>
    <ClInclude Include="include\deck_std.h">
      <Filter>Header Files</Filter>
    </ClInclude>
    <ClInclude Include="include\deck_undef.h">
      <Filter>Header Files</Filter>
    </ClInclude>
    <ClInclude Include="include\enumdefs.h">
      <Filter>Header Files</Filter>
    </ClInclude>
    <ClInclude Include="include\enumerate.h">
      <Filter>Header Files</Filter>
    </ClInclude>
    <ClInclude Include="include\evx_defs.h">
      <Filter>Header Files</Filter>
    </ClInclude>
    <ClInclude Include="include\game_astud.h">
      <Filter>Header Files</Filter>
    </ClInclude>
    <ClInclude Include="include\game_joker.h">
      <Filter>Header Files</Filter>
    </ClInclude>
    <ClInclude Include="include\game_std.h">
      <Filter>Header Files</Filter>
    </ClInclude>
    <ClInclude Include="include\handval.h">
      <Filter>Header Files</Filter>
    </ClInclude>
    <ClInclude Include="include\handval_low.h">
      <Filter>Header Files</Filter>
    </ClInclude>
    <ClInclude Include="include\poker_defs.h">
      <Filter>Header Files</Filter>
    </ClInclude>
    <ClInclude Include="include\pokereval_export.h">
      <Filter>Header Files</Filter>
    </ClInclude>
    <ClInclude Include="include\rules_astud.h">
      <Filter>Header Files</Filter>
    </ClInclude>
    <ClInclude Include="include\rules_joker.h">
      <Filter>Header Files</Filter>
    </ClInclude>
    <ClInclude Include="include\rules_std.h">
      <Filter>Header Files</Filter>
    </ClInclude>
    <ClInclude Include="include\rules_undef.h">
      <Filter>Header Files</Filter>
    </ClInclude>
  </ItemGroup>
</Project>