<?xml version="1.0" encoding="utf-8"?>
<Project ToolsVersion="4.0" xmlns="http://schemas.microsoft.com/developer/msbuild/2003">
  <ItemGroup>
    <Filter Include="Source Files">
      <UniqueIdentifier>{ae08bd11-683a-4736-a8ae-1b773ce1202a}</UniqueIdentifier>
      <Extensions>cpp;c;cxx;def;odl;idl;hpj;bat;asm</Extensions>
    </Filter>
    <Filter Include="Header Files">
      <UniqueIdentifier>{ba260a51-6130-4622-9f50-e46b31b0c61c}</UniqueIdentifier>
      <Extensions>h;hpp;hxx;hm;inl;inc</Extensions>
    </Filter>
  </ItemGroup>
  <ItemGroup>
    <ClCompile Include="..\..\libs\pokereval\lib\combinations.c">
      <Filter>Source Files</Filter>
    </ClCompile>
    <ClCompile Include="..\..\libs\pokereval\lib\deck.c">
      <Filter>Source Files</Filter>
    </ClCompile>
    <ClCompile Include="..\..\libs\pokereval\lib\deck_std.c">
      <Filter>Source Files</Filter>
    </ClCompile>
    <ClCompile Include="..\..\libs\pokereval\lib\enumerate.c">
      <Filter>Source Files</Filter>
    </ClCompile>
    <ClCompile Include="..\..\libs\pokereval\lib\enumord.c">
      <Filter>Source Files</Filter>
    </ClCompile>
    <ClCompile Include="..\..\libs\pokereval\lib\evx.c">
      <Filter>Source Files</Filter>
    </ClCompile>
    <ClCompile Include="..\..\libs\pokereval\lib\rules_std.c">
      <Filter>Source Files</Filter>
    </ClCompile>
    <ClCompile Include="..\..\libs\pokereval\lib\t_botcard.c">
      <Filter>Source Files</Filter>
    </ClCompile>
    <ClCompile Include="..\..\libs\pokereval\lib\t_botfivecards.c">
      <Filter>Source Files</Filter>
    </ClCompile>
    <ClCompile Include="..\..\libs\pokereval\lib\t_botfivecardsj.c">
      <Filter>Source Files</Filter>
    </ClCompile>
    <ClCompile Include="..\..\libs\pokereval\lib\t_cardmasks.c">
      <Filter>Source Files</Filter>
    </ClCompile>
    <ClCompile Include="..\..\libs\pokereval\lib\t_evx_flushcards.c">
      <Filter>Source Files</Filter>
    </ClCompile>
    <ClCompile Include="..\..\libs\pokereval\lib\t_evx_pairval.c">
      <Filter>Source Files</Filter>
    </ClCompile>
    <ClCompile Include="..\..\libs\pokereval\lib\t_evx_strval.c">
      <Filter>Source Files</Filter>
    </ClCompile>
    <ClCompile Include="..\..\libs\pokereval\lib\t_evx_tripsval.c">
      <Filter>Source Files</Filter>
    </ClCompile>
    <ClCompile Include="..\..\libs\pokereval\lib\t_maskrank.c">
      <Filter>Source Files</Filter>
    </ClCompile>
    <ClCompile Include="..\..\libs\pokereval\lib\t_nbits.c">
      <Filter>Source Files</Filter>
    </ClCompile>
    <ClCompile Include="..\..\libs\pokereval\lib\t_nbitsandstr.c">
      <Filter>Source Files</Filter>
    </ClCompile>
    <ClCompile Include="..\..\libs\pokereval\lib\t_straight.c">
      <Filter>Source Files</Filter>
    </ClCompile>
    <ClCompile Include="..\..\libs\pokereval\lib\t_topbit.c">
      <Filter>Source Files</Filter>
    </ClCompile>
    <ClCompile Include="..\..\libs\pokereval\lib\t_topcard.c">
      <Filter>Source Files</Filter>
    </ClCompile>
    <ClCompile Include="..\..\libs\pokereval\lib\t_topfivebits.c">
      <Filter>Source Files</Filter>
    </ClCompile>
    <ClCompile Include="..\..\libs\pokereval\lib\t_topfivecards.c">
      <Filter>Source Files</Filter>
    </ClCompile>
    <ClCompile Include="..\..\libs\pokereval\lib\t_toptwobits.c">
      <Filter>Source Files</Filter>
    </ClCompile>
  </ItemGroup>
  <ItemGroup>
    <ClInclude Include="..\..\libs\pokereval\include\combinations.h">
      <Filter>Header Files</Filter>
    </ClInclude>
    <ClInclude Include="..\..\libs\pokereval\include\deck.h">
      <Filter>Header Files</Filter>
    </ClInclude>
    <ClInclude Include="..\..\libs\pokereval\include\deck_std.h">
      <Filter>Header Files</Filter>
    </ClInclude>
    <ClInclude Include="..\..\libs\pokereval\include\deck_undef.h">
      <Filter>Header Files</Filter>
    </ClInclude>
    <ClInclude Include="..\..\libs\pokereval\include\enumdefs.h">
      <Filter>Header Files</Filter>
    </ClInclude>
    <ClInclude Include="..\..\libs\pokereval\include\enumerate.h">
      <Filter>Header Files</Filter>
    </ClInclude>
    <ClInclude Include="..\..\libs\pokereval\include\evx_defs.h">
      <Filter>Header Files</Filter>
    </ClInclude>
    <ClInclude Include="..\..\libs\pokereval\include\game_std.h">
      <Filter>Header Files</Filter>
    </ClInclude>
    <ClInclude Include="..\..\libs\pokereval\include\handval.h">
      <Filter>Header Files</Filter>
    </ClInclude>
    <ClInclude Include="..\..\libs\pokereval\include\handval_low.h">
      <Filter>Header Files</Filter>
    </ClInclude>
    <ClInclude Include="..\..\libs\pokereval\include\poker_defs.h">
      <Filter>Header Files</Filter>
    </ClInclude>
    <ClInclude Include="..\..\libs\pokereval\include\pokereval_export.h">
      <Filter>Header Files</Filter>
    </ClInclude>
    <ClInclude Include="..\..\libs\pokereval\include\rules_std.h">
      <Filter>Header Files</Filter>
    </ClInclude>
    <ClInclude Include="..\..\libs\pokereval\include\rules_undef.h">
      <Filter>Header Files</Filter>
    </ClInclude>
  </ItemGroup>
</Project>